
Microsoft Visual Studio Solution File, Format Version 12.00
# Visual Studio Version 16
VisualStudioVersion = 16.0.29905.134
MinimumVisualStudioVersion = 10.0.40219.1
Project("{9A19103F-16F7-4668-BE54-9A1E7A4F7556}") = "eShopSolution.WebApp", "eShopSolution.WebApp\eShopSolution.WebApp.csproj", "{2FAAA5E6-7999-4162-AE55-425CF4B5AE0D}"
EndProject
Project("{FAE04EC0-301F-11D3-BF4B-00C04F79EFBC}") = "eShopSolution.Data", "eShopSolution.Data\eShopSolution.Data.csproj", "{FFF000EF-1D92-47E9-ABF0-41B413AA287B}"
EndProject
Project("{FAE04EC0-301F-11D3-BF4B-00C04F79EFBC}") = "eShopSolution.Application", "eShopSolution.Application\eShopSolution.Application.csproj", "{8AE94307-0D76-46FB-8242-D0EE67C0FD50}"
EndProject
Global
	GlobalSection(SolutionConfigurationPlatforms) = preSolution
		Debug|Any CPU = Debug|Any CPU
		Release|Any CPU = Release|Any CPU
	EndGlobalSection
	GlobalSection(ProjectConfigurationPlatforms) = postSolution
		{2FAAA5E6-7999-4162-AE55-425CF4B5AE0D}.Debug|Any CPU.ActiveCfg = Debug|Any CPU
		{2FAAA5E6-7999-4162-AE55-425CF4B5AE0D}.Debug|Any CPU.Build.0 = Debug|Any CPU
		{2FAAA5E6-7999-4162-AE55-425CF4B5AE0D}.Release|Any CPU.ActiveCfg = Release|Any CPU
		{2FAAA5E6-7999-4162-AE55-425CF4B5AE0D}.Release|Any CPU.Build.0 = Release|Any CPU
		{FFF000EF-1D92-47E9-ABF0-41B413AA287B}.Debug|Any CPU.ActiveCfg = Debug|Any CPU
		{FFF000EF-1D92-47E9-ABF0-41B413AA287B}.Debug|Any CPU.Build.0 = Debug|Any CPU
		{FFF000EF-1D92-47E9-ABF0-41B413AA287B}.Release|Any CPU.ActiveCfg = Release|Any CPU
		{FFF000EF-1D92-47E9-ABF0-41B413AA287B}.Release|Any CPU.Build.0 = Release|Any CPU
		{8AE94307-0D76-46FB-8242-D0EE67C0FD50}.Debug|Any CPU.ActiveCfg = Debug|Any CPU
		{8AE94307-0D76-46FB-8242-D0EE67C0FD50}.Debug|Any CPU.Build.0 = Debug|Any CPU
		{8AE94307-0D76-46FB-8242-D0EE67C0FD50}.Release|Any CPU.ActiveCfg = Release|Any CPU
		{8AE94307-0D76-46FB-8242-D0EE67C0FD50}.Release|Any CPU.Build.0 = Release|Any CPU
	EndGlobalSection
	GlobalSection(SolutionProperties) = preSolution
		HideSolutionNode = FALSE
	EndGlobalSection
	GlobalSection(ExtensibilityGlobals) = postSolution
		SolutionGuid = {D764F355-6482-4BFD-9D8B-43301E18F7FF}
	EndGlobalSection
EndGlobal
